// !$*UTF8*$!
{
	archiveVersion = 1;
	classes = {
	};
	objectVersion = 56;
	objects = {

/* Begin PBXBuildFile section */
		F9D090E128F5C27F00051BEE /* ContactRepresentable.swift in Sources */ = {isa = PBXBuildFile; fileRef = F9D090E028F5C27F00051BEE /* ContactRepresentable.swift */; };
		F9D090E328F5CD6D00051BEE /* ContactsManager.swift in Sources */ = {isa = PBXBuildFile; fileRef = F9D090E228F5CD6D00051BEE /* ContactsManager.swift */; };
		F9E4D43028F5876F00FCAB85 /* AppDelegate.swift in Sources */ = {isa = PBXBuildFile; fileRef = F9E4D42F28F5876F00FCAB85 /* AppDelegate.swift */; };
		F9E4D43228F5876F00FCAB85 /* SceneDelegate.swift in Sources */ = {isa = PBXBuildFile; fileRef = F9E4D43128F5876F00FCAB85 /* SceneDelegate.swift */; };
		F9E4D43428F5876F00FCAB85 /* ContactsListViewController.swift in Sources */ = {isa = PBXBuildFile; fileRef = F9E4D43328F5876F00FCAB85 /* ContactsListViewController.swift */; };
		F9E4D43728F5876F00FCAB85 /* Main.storyboard in Resources */ = {isa = PBXBuildFile; fileRef = F9E4D43528F5876F00FCAB85 /* Main.storyboard */; };
		F9E4D43A28F5876F00FCAB85 /* GreenData_iOS_Case.xcdatamodeld in Sources */ = {isa = PBXBuildFile; fileRef = F9E4D43828F5876F00FCAB85 /* GreenData_iOS_Case.xcdatamodeld */; };
		F9E4D43C28F5877000FCAB85 /* Assets.xcassets in Resources */ = {isa = PBXBuildFile; fileRef = F9E4D43B28F5877000FCAB85 /* Assets.xcassets */; };
		F9E4D43F28F5877000FCAB85 /* LaunchScreen.storyboard in Resources */ = {isa = PBXBuildFile; fileRef = F9E4D43D28F5877000FCAB85 /* LaunchScreen.storyboard */; };
		F9E4D44E28F590A100FCAB85 /* CoreDataManager.swift in Sources */ = {isa = PBXBuildFile; fileRef = F9E4D44D28F590A100FCAB85 /* CoreDataManager.swift */; };
		F9E4D45128F599C700FCAB85 /* ContactDetailViewController.swift in Sources */ = {isa = PBXBuildFile; fileRef = F9E4D45028F599C700FCAB85 /* ContactDetailViewController.swift */; };
		F9E4D45328F59A6800FCAB85 /* UIViewController+Extensions.swift in Sources */ = {isa = PBXBuildFile; fileRef = F9E4D45228F59A6800FCAB85 /* UIViewController+Extensions.swift */; };
		F9E4D45528F59E7200FCAB85 /* NetworkManager.swift in Sources */ = {isa = PBXBuildFile; fileRef = F9E4D45428F59E7200FCAB85 /* NetworkManager.swift */; };
		F9E4D45728F59FD400FCAB85 /* ContactJSON.swift in Sources */ = {isa = PBXBuildFile; fileRef = F9E4D45628F59FD400FCAB85 /* ContactJSON.swift */; };
/* End PBXBuildFile section */

/* Begin PBXFileReference section */
		F9D090E028F5C27F00051BEE /* ContactRepresentable.swift */ = {isa = PBXFileReference; lastKnownFileType = sourcecode.swift; path = ContactRepresentable.swift; sourceTree = "<group>"; };
		F9D090E228F5CD6D00051BEE /* ContactsManager.swift */ = {isa = PBXFileReference; lastKnownFileType = sourcecode.swift; path = ContactsManager.swift; sourceTree = "<group>"; };
		F9E4D42C28F5876F00FCAB85 /* GreenData-iOS-Case.app */ = {isa = PBXFileReference; explicitFileType = wrapper.application; includeInIndex = 0; path = "GreenData-iOS-Case.app"; sourceTree = BUILT_PRODUCTS_DIR; };
		F9E4D42F28F5876F00FCAB85 /* AppDelegate.swift */ = {isa = PBXFileReference; lastKnownFileType = sourcecode.swift; path = AppDelegate.swift; sourceTree = "<group>"; };
		F9E4D43128F5876F00FCAB85 /* SceneDelegate.swift */ = {isa = PBXFileReference; lastKnownFileType = sourcecode.swift; path = SceneDelegate.swift; sourceTree = "<group>"; };
		F9E4D43328F5876F00FCAB85 /* ContactsListViewController.swift */ = {isa = PBXFileReference; lastKnownFileType = sourcecode.swift; path = ContactsListViewController.swift; sourceTree = "<group>"; };
		F9E4D43628F5876F00FCAB85 /* Base */ = {isa = PBXFileReference; lastKnownFileType = file.storyboard; name = Base; path = Base.lproj/Main.storyboard; sourceTree = "<group>"; };
		F9E4D43928F5876F00FCAB85 /* GreenData_iOS_Case.xcdatamodel */ = {isa = PBXFileReference; lastKnownFileType = wrapper.xcdatamodel; path = GreenData_iOS_Case.xcdatamodel; sourceTree = "<group>"; };
		F9E4D43B28F5877000FCAB85 /* Assets.xcassets */ = {isa = PBXFileReference; lastKnownFileType = folder.assetcatalog; path = Assets.xcassets; sourceTree = "<group>"; };
		F9E4D43E28F5877000FCAB85 /* Base */ = {isa = PBXFileReference; lastKnownFileType = file.storyboard; name = Base; path = Base.lproj/LaunchScreen.storyboard; sourceTree = "<group>"; };
		F9E4D44028F5877000FCAB85 /* Info.plist */ = {isa = PBXFileReference; lastKnownFileType = text.plist.xml; path = Info.plist; sourceTree = "<group>"; };
		F9E4D44D28F590A100FCAB85 /* CoreDataManager.swift */ = {isa = PBXFileReference; lastKnownFileType = sourcecode.swift; path = CoreDataManager.swift; sourceTree = "<group>"; };
		F9E4D45028F599C700FCAB85 /* ContactDetailViewController.swift */ = {isa = PBXFileReference; lastKnownFileType = sourcecode.swift; path = ContactDetailViewController.swift; sourceTree = "<group>"; };
		F9E4D45228F59A6800FCAB85 /* UIViewController+Extensions.swift */ = {isa = PBXFileReference; lastKnownFileType = sourcecode.swift; path = "UIViewController+Extensions.swift"; sourceTree = "<group>"; };
		F9E4D45428F59E7200FCAB85 /* NetworkManager.swift */ = {isa = PBXFileReference; lastKnownFileType = sourcecode.swift; path = NetworkManager.swift; sourceTree = "<group>"; };
		F9E4D45628F59FD400FCAB85 /* ContactJSON.swift */ = {isa = PBXFileReference; lastKnownFileType = sourcecode.swift; path = ContactJSON.swift; sourceTree = "<group>"; };
/* End PBXFileReference section */

/* Begin PBXFrameworksBuildPhase section */
		F9E4D42928F5876F00FCAB85 /* Frameworks */ = {
			isa = PBXFrameworksBuildPhase;
			buildActionMask = 2147483647;
			files = (
			);
			runOnlyForDeploymentPostprocessing = 0;
		};
/* End PBXFrameworksBuildPhase section */

/* Begin PBXGroup section */
		F9E4D42328F5876F00FCAB85 = {
			isa = PBXGroup;
			children = (
				F9E4D42E28F5876F00FCAB85 /* GreenData-iOS-Case */,
				F9E4D42D28F5876F00FCAB85 /* Products */,
			);
			sourceTree = "<group>";
		};
		F9E4D42D28F5876F00FCAB85 /* Products */ = {
			isa = PBXGroup;
			children = (
				F9E4D42C28F5876F00FCAB85 /* GreenData-iOS-Case.app */,
			);
			name = Products;
			sourceTree = "<group>";
		};
		F9E4D42E28F5876F00FCAB85 /* GreenData-iOS-Case */ = {
			isa = PBXGroup;
			children = (
				F9E4D44728F58BBA00FCAB85 /* ViewControllers */,
				F9E4D44B28F58BE000FCAB85 /* Managers */,
				F9E4D45828F5A2E900FCAB85 /* Protocols */,
				F9E4D44A28F58BD900FCAB85 /* Models */,
				F9E4D44F28F591E800FCAB85 /* Extensions */,
				F9E4D44828F58BC800FCAB85 /* Storyboards */,
				F9E4D44628F58BB200FCAB85 /* Application */,
				F9E4D44928F58BD000FCAB85 /* Sources */,
				F9E4D44C28F58F0200FCAB85 /* CoreData */,
			);
			path = "GreenData-iOS-Case";
			sourceTree = "<group>";
		};
		F9E4D44628F58BB200FCAB85 /* Application */ = {
			isa = PBXGroup;
			children = (
				F9E4D42F28F5876F00FCAB85 /* AppDelegate.swift */,
				F9E4D43128F5876F00FCAB85 /* SceneDelegate.swift */,
				F9E4D44028F5877000FCAB85 /* Info.plist */,
			);
			path = Application;
			sourceTree = "<group>";
		};
		F9E4D44728F58BBA00FCAB85 /* ViewControllers */ = {
			isa = PBXGroup;
			children = (
				F9E4D43328F5876F00FCAB85 /* ContactsListViewController.swift */,
				F9E4D45028F599C700FCAB85 /* ContactDetailViewController.swift */,
			);
			path = ViewControllers;
			sourceTree = "<group>";
		};
		F9E4D44828F58BC800FCAB85 /* Storyboards */ = {
			isa = PBXGroup;
			children = (
				F9E4D43528F5876F00FCAB85 /* Main.storyboard */,
				F9E4D43D28F5877000FCAB85 /* LaunchScreen.storyboard */,
			);
			path = Storyboards;
			sourceTree = "<group>";
		};
		F9E4D44928F58BD000FCAB85 /* Sources */ = {
			isa = PBXGroup;
			children = (
				F9E4D43B28F5877000FCAB85 /* Assets.xcassets */,
			);
			path = Sources;
			sourceTree = "<group>";
		};
		F9E4D44A28F58BD900FCAB85 /* Models */ = {
			isa = PBXGroup;
			children = (
				F9E4D45628F59FD400FCAB85 /* ContactJSON.swift */,
			);
			path = Models;
			sourceTree = "<group>";
		};
		F9E4D44B28F58BE000FCAB85 /* Managers */ = {
			isa = PBXGroup;
			children = (
				F9E4D44D28F590A100FCAB85 /* CoreDataManager.swift */,
				F9E4D45428F59E7200FCAB85 /* NetworkManager.swift */,
				F9D090E228F5CD6D00051BEE /* ContactsManager.swift */,
			);
			path = Managers;
			sourceTree = "<group>";
		};
		F9E4D44C28F58F0200FCAB85 /* CoreData */ = {
			isa = PBXGroup;
			children = (
				F9E4D43828F5876F00FCAB85 /* GreenData_iOS_Case.xcdatamodeld */,
			);
			path = CoreData;
			sourceTree = "<group>";
		};
		F9E4D44F28F591E800FCAB85 /* Extensions */ = {
			isa = PBXGroup;
			children = (
				F9E4D45228F59A6800FCAB85 /* UIViewController+Extensions.swift */,
			);
			path = Extensions;
			sourceTree = "<group>";
		};
		F9E4D45828F5A2E900FCAB85 /* Protocols */ = {
			isa = PBXGroup;
			children = (
				F9D090E028F5C27F00051BEE /* ContactRepresentable.swift */,
			);
			path = Protocols;
			sourceTree = "<group>";
		};
/* End PBXGroup section */

/* Begin PBXNativeTarget section */
		F9E4D42B28F5876F00FCAB85 /* GreenData-iOS-Case */ = {
			isa = PBXNativeTarget;
			buildConfigurationList = F9E4D44328F5877000FCAB85 /* Build configuration list for PBXNativeTarget "GreenData-iOS-Case" */;
			buildPhases = (
				F9E4D42828F5876F00FCAB85 /* Sources */,
				F9E4D42928F5876F00FCAB85 /* Frameworks */,
				F9E4D42A28F5876F00FCAB85 /* Resources */,
			);
			buildRules = (
			);
			dependencies = (
			);
			name = "GreenData-iOS-Case";
			productName = "GreenData-iOS-Case";
			productReference = F9E4D42C28F5876F00FCAB85 /* GreenData-iOS-Case.app */;
			productType = "com.apple.product-type.application";
		};
/* End PBXNativeTarget section */

/* Begin PBXProject section */
		F9E4D42428F5876F00FCAB85 /* Project object */ = {
			isa = PBXProject;
			attributes = {
				BuildIndependentTargetsInParallel = 1;
				LastSwiftUpdateCheck = 1400;
				LastUpgradeCheck = 1400;
				TargetAttributes = {
					F9E4D42B28F5876F00FCAB85 = {
						CreatedOnToolsVersion = 14.0;
					};
				};
			};
			buildConfigurationList = F9E4D42728F5876F00FCAB85 /* Build configuration list for PBXProject "GreenData-iOS-Case" */;
			compatibilityVersion = "Xcode 14.0";
			developmentRegion = en;
			hasScannedForEncodings = 0;
			knownRegions = (
				en,
				Base,
			);
			mainGroup = F9E4D42328F5876F00FCAB85;
			productRefGroup = F9E4D42D28F5876F00FCAB85 /* Products */;
			projectDirPath = "";
			projectRoot = "";
			targets = (
				F9E4D42B28F5876F00FCAB85 /* GreenData-iOS-Case */,
			);
		};
/* End PBXProject section */

/* Begin PBXResourcesBuildPhase section */
		F9E4D42A28F5876F00FCAB85 /* Resources */ = {
			isa = PBXResourcesBuildPhase;
			buildActionMask = 2147483647;
			files = (
				F9E4D43F28F5877000FCAB85 /* LaunchScreen.storyboard in Resources */,
				F9E4D43C28F5877000FCAB85 /* Assets.xcassets in Resources */,
				F9E4D43728F5876F00FCAB85 /* Main.storyboard in Resources */,
			);
			runOnlyForDeploymentPostprocessing = 0;
		};
/* End PBXResourcesBuildPhase section */

/* Begin PBXSourcesBuildPhase section */
		F9E4D42828F5876F00FCAB85 /* Sources */ = {
			isa = PBXSourcesBuildPhase;
			buildActionMask = 2147483647;
			files = (
				F9E4D43428F5876F00FCAB85 /* ContactsListViewController.swift in Sources */,
				F9E4D43028F5876F00FCAB85 /* AppDelegate.swift in Sources */,
				F9E4D43228F5876F00FCAB85 /* SceneDelegate.swift in Sources */,
				F9D090E128F5C27F00051BEE /* ContactRepresentable.swift in Sources */,
				F9E4D45728F59FD400FCAB85 /* ContactJSON.swift in Sources */,
				F9E4D45328F59A6800FCAB85 /* UIViewController+Extensions.swift in Sources */,
				F9E4D45528F59E7200FCAB85 /* NetworkManager.swift in Sources */,
				F9E4D44E28F590A100FCAB85 /* CoreDataManager.swift in Sources */,
				F9E4D43A28F5876F00FCAB85 /* GreenData_iOS_Case.xcdatamodeld in Sources */,
				F9D090E328F5CD6D00051BEE /* ContactsManager.swift in Sources */,
				F9E4D45128F599C700FCAB85 /* ContactDetailViewController.swift in Sources */,
			);
			runOnlyForDeploymentPostprocessing = 0;
		};
/* End PBXSourcesBuildPhase section */

/* Begin PBXVariantGroup section */
		F9E4D43528F5876F00FCAB85 /* Main.storyboard */ = {
			isa = PBXVariantGroup;
			children = (
				F9E4D43628F5876F00FCAB85 /* Base */,
			);
			name = Main.storyboard;
			sourceTree = "<group>";
		};
		F9E4D43D28F5877000FCAB85 /* LaunchScreen.storyboard */ = {
			isa = PBXVariantGroup;
			children = (
				F9E4D43E28F5877000FCAB85 /* Base */,
			);
			name = LaunchScreen.storyboard;
			sourceTree = "<group>";
		};
/* End PBXVariantGroup section */

/* Begin XCBuildConfiguration section */
		F9E4D44128F5877000FCAB85 /* Debug */ = {
			isa = XCBuildConfiguration;
			buildSettings = {
				ALWAYS_SEARCH_USER_PATHS = NO;
				CLANG_ANALYZER_NONNULL = YES;
				CLANG_ANALYZER_NUMBER_OBJECT_CONVERSION = YES_AGGRESSIVE;
				CLANG_CXX_LANGUAGE_STANDARD = "gnu++20";
				CLANG_ENABLE_MODULES = YES;
				CLANG_ENABLE_OBJC_ARC = YES;
				CLANG_ENABLE_OBJC_WEAK = YES;
				CLANG_WARN_BLOCK_CAPTURE_AUTORELEASING = YES;
				CLANG_WARN_BOOL_CONVERSION = YES;
				CLANG_WARN_COMMA = YES;
				CLANG_WARN_CONSTANT_CONVERSION = YES;
				CLANG_WARN_DEPRECATED_OBJC_IMPLEMENTATIONS = YES;
				CLANG_WARN_DIRECT_OBJC_ISA_USAGE = YES_ERROR;
				CLANG_WARN_DOCUMENTATION_COMMENTS = YES;
				CLANG_WARN_EMPTY_BODY = YES;
				CLANG_WARN_ENUM_CONVERSION = YES;
				CLANG_WARN_INFINITE_RECURSION = YES;
				CLANG_WARN_INT_CONVERSION = YES;
				CLANG_WARN_NON_LITERAL_NULL_CONVERSION = YES;
				CLANG_WARN_OBJC_IMPLICIT_RETAIN_SELF = YES;
				CLANG_WARN_OBJC_LITERAL_CONVERSION = YES;
				CLANG_WARN_OBJC_ROOT_CLASS = YES_ERROR;
				CLANG_WARN_QUOTED_INCLUDE_IN_FRAMEWORK_HEADER = YES;
				CLANG_WARN_RANGE_LOOP_ANALYSIS = YES;
				CLANG_WARN_STRICT_PROTOTYPES = YES;
				CLANG_WARN_SUSPICIOUS_MOVE = YES;
				CLANG_WARN_UNGUARDED_AVAILABILITY = YES_AGGRESSIVE;
				CLANG_WARN_UNREACHABLE_CODE = YES;
				CLANG_WARN__DUPLICATE_METHOD_MATCH = YES;
				COPY_PHASE_STRIP = NO;
				DEBUG_INFORMATION_FORMAT = dwarf;
				ENABLE_STRICT_OBJC_MSGSEND = YES;
				ENABLE_TESTABILITY = YES;
				GCC_C_LANGUAGE_STANDARD = gnu11;
				GCC_DYNAMIC_NO_PIC = NO;
				GCC_NO_COMMON_BLOCKS = YES;
				GCC_OPTIMIZATION_LEVEL = 0;
				GCC_PREPROCESSOR_DEFINITIONS = (
					"DEBUG=1",
					"$(inherited)",
				);
				GCC_WARN_64_TO_32_BIT_CONVERSION = YES;
				GCC_WARN_ABOUT_RETURN_TYPE = YES_ERROR;
				GCC_WARN_UNDECLARED_SELECTOR = YES;
				GCC_WARN_UNINITIALIZED_AUTOS = YES_AGGRESSIVE;
				GCC_WARN_UNUSED_FUNCTION = YES;
				GCC_WARN_UNUSED_VARIABLE = YES;
				IPHONEOS_DEPLOYMENT_TARGET = 16.0;
				MTL_ENABLE_DEBUG_INFO = INCLUDE_SOURCE;
				MTL_FAST_MATH = YES;
				ONLY_ACTIVE_ARCH = YES;
				SDKROOT = iphoneos;
				SWIFT_ACTIVE_COMPILATION_CONDITIONS = DEBUG;
				SWIFT_OPTIMIZATION_LEVEL = "-Onone";
			};
			name = Debug;
		};
		F9E4D44228F5877000FCAB85 /* Release */ = {
			isa = XCBuildConfiguration;
			buildSettings = {
				ALWAYS_SEARCH_USER_PATHS = NO;
				CLANG_ANALYZER_NONNULL = YES;
				CLANG_ANALYZER_NUMBER_OBJECT_CONVERSION = YES_AGGRESSIVE;
				CLANG_CXX_LANGUAGE_STANDARD = "gnu++20";
				CLANG_ENABLE_MODULES = YES;
				CLANG_ENABLE_OBJC_ARC = YES;
				CLANG_ENABLE_OBJC_WEAK = YES;
				CLANG_WARN_BLOCK_CAPTURE_AUTORELEASING = YES;
				CLANG_WARN_BOOL_CONVERSION = YES;
				CLANG_WARN_COMMA = YES;
				CLANG_WARN_CONSTANT_CONVERSION = YES;
				CLANG_WARN_DEPRECATED_OBJC_IMPLEMENTATIONS = YES;
				CLANG_WARN_DIRECT_OBJC_ISA_USAGE = YES_ERROR;
				CLANG_WARN_DOCUMENTATION_COMMENTS = YES;
				CLANG_WARN_EMPTY_BODY = YES;
				CLANG_WARN_ENUM_CONVERSION = YES;
				CLANG_WARN_INFINITE_RECURSION = YES;
				CLANG_WARN_INT_CONVERSION = YES;
				CLANG_WARN_NON_LITERAL_NULL_CONVERSION = YES;
				CLANG_WARN_OBJC_IMPLICIT_RETAIN_SELF = YES;
				CLANG_WARN_OBJC_LITERAL_CONVERSION = YES;
				CLANG_WARN_OBJC_ROOT_CLASS = YES_ERROR;
				CLANG_WARN_QUOTED_INCLUDE_IN_FRAMEWORK_HEADER = YES;
				CLANG_WARN_RANGE_LOOP_ANALYSIS = YES;
				CLANG_WARN_STRICT_PROTOTYPES = YES;
				CLANG_WARN_SUSPICIOUS_MOVE = YES;
				CLANG_WARN_UNGUARDED_AVAILABILITY = YES_AGGRESSIVE;
				CLANG_WARN_UNREACHABLE_CODE = YES;
				CLANG_WARN__DUPLICATE_METHOD_MATCH = YES;
				COPY_PHASE_STRIP = NO;
				DEBUG_INFORMATION_FORMAT = "dwarf-with-dsym";
				ENABLE_NS_ASSERTIONS = NO;
				ENABLE_STRICT_OBJC_MSGSEND = YES;
				GCC_C_LANGUAGE_STANDARD = gnu11;
				GCC_NO_COMMON_BLOCKS = YES;
				GCC_WARN_64_TO_32_BIT_CONVERSION = YES;
				GCC_WARN_ABOUT_RETURN_TYPE = YES_ERROR;
				GCC_WARN_UNDECLARED_SELECTOR = YES;
				GCC_WARN_UNINITIALIZED_AUTOS = YES_AGGRESSIVE;
				GCC_WARN_UNUSED_FUNCTION = YES;
				GCC_WARN_UNUSED_VARIABLE = YES;
				IPHONEOS_DEPLOYMENT_TARGET = 16.0;
				MTL_ENABLE_DEBUG_INFO = NO;
				MTL_FAST_MATH = YES;
				SDKROOT = iphoneos;
				SWIFT_COMPILATION_MODE = wholemodule;
				SWIFT_OPTIMIZATION_LEVEL = "-O";
				VALIDATE_PRODUCT = YES;
			};
			name = Release;
		};
		F9E4D44428F5877000FCAB85 /* Debug */ = {
			isa = XCBuildConfiguration;
			buildSettings = {
				ASSETCATALOG_COMPILER_APPICON_NAME = AppIcon;
				ASSETCATALOG_COMPILER_GLOBAL_ACCENT_COLOR_NAME = AccentColor;
				CODE_SIGN_STYLE = Automatic;
				CURRENT_PROJECT_VERSION = 1;
				DEVELOPMENT_TEAM = K5L7239SK4;
				GENERATE_INFOPLIST_FILE = YES;
				INFOPLIST_FILE = "GreenData-iOS-Case/Application/Info.plist";
				INFOPLIST_KEY_CFBundleDisplayName = "GreenData Friends";
				INFOPLIST_KEY_LSApplicationCategoryType = "public.app-category.utilities";
				INFOPLIST_KEY_UIApplicationSupportsIndirectInputEvents = YES;
				INFOPLIST_KEY_UILaunchStoryboardName = LaunchScreen;
				INFOPLIST_KEY_UIMainStoryboardFile = Main;
				INFOPLIST_KEY_UISupportedInterfaceOrientations_iPad = "UIInterfaceOrientationPortrait UIInterfaceOrientationPortraitUpsideDown UIInterfaceOrientationLandscapeLeft UIInterfaceOrientationLandscapeRight";
				INFOPLIST_KEY_UISupportedInterfaceOrientations_iPhone = "UIInterfaceOrientationPortrait UIInterfaceOrientationLandscapeLeft UIInterfaceOrientationLandscapeRight";
				IPHONEOS_DEPLOYMENT_TARGET = 15.0;
				LD_RUNPATH_SEARCH_PATHS = (
					"$(inherited)",
					"@executable_path/Frameworks",
				);
				MARKETING_VERSION = 1.0;
				PRODUCT_BUNDLE_IDENTIFIER = "lexemz.GreenData-iOS-Case";
				PRODUCT_NAME = "$(TARGET_NAME)";
				SUPPORTED_PLATFORMS = "iphoneos iphonesimulator";
				SUPPORTS_MACCATALYST = NO;
				SUPPORTS_MAC_DESIGNED_FOR_IPHONE_IPAD = NO;
				SWIFT_EMIT_LOC_STRINGS = YES;
				SWIFT_VERSION = 5.0;
				TARGETED_DEVICE_FAMILY = 1;
			};
			name = Debug;
		};
		F9E4D44528F5877000FCAB85 /* Release */ = {
			isa = XCBuildConfiguration;
			buildSettings = {
				ASSETCATALOG_COMPILER_APPICON_NAME = AppIcon;
				ASSETCATALOG_COMPILER_GLOBAL_ACCENT_COLOR_NAME = AccentColor;
				CODE_SIGN_STYLE = Automatic;
				CURRENT_PROJECT_VERSION = 1;
				DEVELOPMENT_TEAM = K5L7239SK4;
				GENERATE_INFOPLIST_FILE = YES;
				INFOPLIST_FILE = "GreenData-iOS-Case/Application/Info.plist";
				INFOPLIST_KEY_CFBundleDisplayName = "GreenData Friends";
				INFOPLIST_KEY_LSApplicationCategoryType = "public.app-category.utilities";
				INFOPLIST_KEY_UIApplicationSupportsIndirectInputEvents = YES;
				INFOPLIST_KEY_UILaunchStoryboardName = LaunchScreen;
				INFOPLIST_KEY_UIMainStoryboardFile = Main;
				INFOPLIST_KEY_UISupportedInterfaceOrientations_iPad = "UIInterfaceOrientationPortrait UIInterfaceOrientationPortraitUpsideDown UIInterfaceOrientationLandscapeLeft UIInterfaceOrientationLandscapeRight";
				INFOPLIST_KEY_UISupportedInterfaceOrientations_iPhone = "UIInterfaceOrientationPortrait UIInterfaceOrientationLandscapeLeft UIInterfaceOrientationLandscapeRight";
				IPHONEOS_DEPLOYMENT_TARGET = 15.0;
				LD_RUNPATH_SEARCH_PATHS = (
					"$(inherited)",
					"@executable_path/Frameworks",
				);
				MARKETING_VERSION = 1.0;
				PRODUCT_BUNDLE_IDENTIFIER = "lexemz.GreenData-iOS-Case";
				PRODUCT_NAME = "$(TARGET_NAME)";
				SUPPORTED_PLATFORMS = "iphoneos iphonesimulator";
				SUPPORTS_MACCATALYST = NO;
				SUPPORTS_MAC_DESIGNED_FOR_IPHONE_IPAD = NO;
				SWIFT_EMIT_LOC_STRINGS = YES;
				SWIFT_VERSION = 5.0;
				TARGETED_DEVICE_FAMILY = 1;
			};
			name = Release;
		};
/* End XCBuildConfiguration section */

/* Begin XCConfigurationList section */
		F9E4D42728F5876F00FCAB85 /* Build configuration list for PBXProject "GreenData-iOS-Case" */ = {
			isa = XCConfigurationList;
			buildConfigurations = (
				F9E4D44128F5877000FCAB85 /* Debug */,
				F9E4D44228F5877000FCAB85 /* Release */,
			);
			defaultConfigurationIsVisible = 0;
			defaultConfigurationName = Release;
		};
		F9E4D44328F5877000FCAB85 /* Build configuration list for PBXNativeTarget "GreenData-iOS-Case" */ = {
			isa = XCConfigurationList;
			buildConfigurations = (
				F9E4D44428F5877000FCAB85 /* Debug */,
				F9E4D44528F5877000FCAB85 /* Release */,
			);
			defaultConfigurationIsVisible = 0;
			defaultConfigurationName = Release;
		};
/* End XCConfigurationList section */

/* Begin XCVersionGroup section */
		F9E4D43828F5876F00FCAB85 /* GreenData_iOS_Case.xcdatamodeld */ = {
			isa = XCVersionGroup;
			children = (
				F9E4D43928F5876F00FCAB85 /* GreenData_iOS_Case.xcdatamodel */,
			);
			currentVersion = F9E4D43928F5876F00FCAB85 /* GreenData_iOS_Case.xcdatamodel */;
			path = GreenData_iOS_Case.xcdatamodeld;
			sourceTree = "<group>";
			versionGroupType = wrapper.xcdatamodel;
		};
/* End XCVersionGroup section */
	};
	rootObject = F9E4D42428F5876F00FCAB85 /* Project object */;
}
